PODS:
  - AssociatedObjectAccessible (0.1.0)
  - Differentiator (5.0.0)
  - LookinServer (1.1.5):
    - LookinServer/Core (= 1.1.5)
  - LookinServer/Core (1.1.5)
  - RxBacking (0.1.6):
    - RxDataSources
    - ViewSizeCalculation
  - RxCocoa (6.5.0):
    - RxRelay (= 6.5.0)
    - RxSwift (= 6.5.0)
  - RxDataSources (5.0.0):
    - Differentiator (~> 5.0)
    - RxCocoa (~> 6.0)
    - RxSwift (~> 6.0)
  - RxRelay (6.5.0):
    - RxSwift (= 6.5.0)
  - RxSwift (6.5.0)
  - SnapKit (5.6.0)
  - ViewSizeCalculation (0.2.0)
  - ViewSizeExpansion (0.1.0):
    - AssociatedObjectAccessible
    - ViewSizeCalculation

DEPENDENCIES:
  - LookinServer
  - RxBacking (from `../`)
  - SnapKit
  - ViewSizeExpansion (from `/Volumes/Data/myFrameworks/ViewSizeExpansion`)

SPEC REPOS:
  trunk:
    - AssociatedObjectAccessible
    - Differentiator
    - LookinServer
    - RxCocoa
    - RxDataSources
    - RxRelay
    - RxSwift
    - SnapKit
    - ViewSizeCalculation

EXTERNAL SOURCES:
  RxBacking:
    :path: "../"
  ViewSizeExpansion:
    :path: "/Volumes/Data/myFrameworks/ViewSizeExpansion"

SPEC CHECKSUMS:
  AssociatedObjectAccessible: 622bfbf765ea882feea135087c2338e0ec59f069
  Differentiator: e8497ceab83c1b10ca233716d547b9af21b9344d
  LookinServer: 2893f2bae53cbf3fd49bbe1a8ea1745582ef1317
  RxBacking: fcfe5ff85a9a184fca038436997160535cd93428
  RxCocoa: 94f817b71c07517321eb4f9ad299112ca8af743b
  RxDataSources: aa47cc1ed6c500fa0dfecac5c979b723542d79cf
  RxRelay: 1de1523e604c72b6c68feadedd1af3b1b4d0ecbd
  RxSwift: 5710a9e6b17f3c3d6e40d6e559b9fa1e813b2ef8
  SnapKit: e01d52ebb8ddbc333eefe2132acf85c8227d9c25
  ViewSizeCalculation: 17acdf9b4f072bdd8a83722cdcc15bb9bfe48ae4
  ViewSizeExpansion: 6541c25958899262741ca8d6fcc88a09ee984003

PODFILE CHECKSUM: fa21f0d5f3e780296c4f62430d52d889d41beb14

COCOAPODS: 1.11.3
